
Microsoft Visual Studio Solution File, Format Version 12.00
# Visual Studio Version 17
VisualStudioVersion = 17.0.32126.317
MinimumVisualStudioVersion = 10.0.40219.1
Project("{9A19103F-16F7-4668-BE54-9A1E7A4F7556}") = "APIPassageiro", "APIPassageiro\APIPassageiro.csproj", "{21D96D8D-76D0-4AA0-8DDD-EAD6E450BC65}"
EndProject
Project("{9A19103F-16F7-4668-BE54-9A1E7A4F7556}") = "Models", "Models\Models.csproj", "{E541760F-554E-4C7E-BCE1-40FAA4066A98}"
EndProject
Project("{9A19103F-16F7-4668-BE54-9A1E7A4F7556}") = "APIAeronave", "APIAeronave\APIAeronave.csproj", "{BCB0F140-3C0B-4B57-A1B7-6176C0636DFA}"
EndProject
Project("{9A19103F-16F7-4668-BE54-9A1E7A4F7556}") = "APIAeroporto", "APIAeroporto\APIAeroporto.csproj", "{4E7B71DB-B9E8-42D8-A9BF-9B9F5B7268E9}"
EndProject
Project("{9A19103F-16F7-4668-BE54-9A1E7A4F7556}") = "APIPrecoBase", "APIPrecoBase\APIPrecoBase.csproj", "{6D85DD9C-524B-4A1C-A47D-AF76BF193172}"
EndProject
Project("{9A19103F-16F7-4668-BE54-9A1E7A4F7556}") = "APIVoo", "APIVoo\APIVoo.csproj", "{D40DDB31-C61C-4960-A825-7830D61AE71F}"
EndProject
Project("{9A19103F-16F7-4668-BE54-9A1E7A4F7556}") = "APIClasse", "APIClasse\APIClasse.csproj", "{822B45B9-1A13-4FEF-BAB3-7B08EBDE4963}"
EndProject
Project("{9A19103F-16F7-4668-BE54-9A1E7A4F7556}") = "APIPassagem", "APIPassagem\APIPassagem.csproj", "{0E527106-1D8C-4370-A729-87ACB92FC1B0}"
EndProject
Project("{9A19103F-16F7-4668-BE54-9A1E7A4F7556}") = "APIAirportDapper", "APIAirportDapper\APIAirportDapper.csproj", "{C14D617E-A255-42E9-81A4-10FC34E4A554}"
EndProject
Project("{9A19103F-16F7-4668-BE54-9A1E7A4F7556}") = "APIUsuarios", "APIUsuarios\APIUsuarios.csproj", "{C4D802AE-D3EA-4BFB-9B7B-52FD43C07BB9}"
EndProject
Project("{9A19103F-16F7-4668-BE54-9A1E7A4F7556}") = "APIFuncao", "APIFuncao\APIFuncao.csproj", "{5B2D7772-1C08-4FAD-A5E2-A8728F66C67D}"
EndProject
Project("{9A19103F-16F7-4668-BE54-9A1E7A4F7556}") = "APILog", "APILog\APILog.csproj", "{10168002-214B-4D62-82FF-9C26F0CA8A92}"
EndProject
Project("{9A19103F-16F7-4668-BE54-9A1E7A4F7556}") = "MVCAndreAirLines", "MVCAndreAirLines\MVCAndreAirLines.csproj", "{7BA18DB9-16A1-4E9E-825A-78E7064C7591}"
EndProject
Project("{9A19103F-16F7-4668-BE54-9A1E7A4F7556}") = "TesteUsuario", "TesteUsuario\TesteUsuario.csproj", "{9BD0F857-03E2-43BC-A37E-1C7B2505DCDF}"
EndProject
Project("{9A19103F-16F7-4668-BE54-9A1E7A4F7556}") = "TestPassagem", "TestPassagem\TestPassagem.csproj", "{E6276BF3-F990-4DD2-891A-613E7CF21390}"
EndProject
Project("{FAE04EC0-301F-11D3-BF4B-00C04F79EFBC}") = "APILogsRabbitMQ", "APILogsRabbitMQ\APILogsRabbitMQ.csproj", "{A7A58317-5228-484C-B075-D3AB827CB381}"
EndProject
Project("{FAE04EC0-301F-11D3-BF4B-00C04F79EFBC}") = "ConsumoAPILogRabbitMQ", "ConsumoAPILogRabbitMQ\ConsumoAPILogRabbitMQ.csproj", "{DC17E9BE-DF72-4D08-A2D3-D8E6A685E683}"
EndProject
Global
	GlobalSection(SolutionConfigurationPlatforms) = preSolution
		Debug|Any CPU = Debug|Any CPU
		Release|Any CPU = Release|Any CPU
	EndGlobalSection
	GlobalSection(ProjectConfigurationPlatforms) = postSolution
		{21D96D8D-76D0-4AA0-8DDD-EAD6E450BC65}.Debug|Any CPU.ActiveCfg = Debug|Any CPU
		{21D96D8D-76D0-4AA0-8DDD-EAD6E450BC65}.Debug|Any CPU.Build.0 = Debug|Any CPU
		{21D96D8D-76D0-4AA0-8DDD-EAD6E450BC65}.Release|Any CPU.ActiveCfg = Release|Any CPU
		{21D96D8D-76D0-4AA0-8DDD-EAD6E450BC65}.Release|Any CPU.Build.0 = Release|Any CPU
		{E541760F-554E-4C7E-BCE1-40FAA4066A98}.Debug|Any CPU.ActiveCfg = Debug|Any CPU
		{E541760F-554E-4C7E-BCE1-40FAA4066A98}.Debug|Any CPU.Build.0 = Debug|Any CPU
		{E541760F-554E-4C7E-BCE1-40FAA4066A98}.Release|Any CPU.ActiveCfg = Release|Any CPU
		{E541760F-554E-4C7E-BCE1-40FAA4066A98}.Release|Any CPU.Build.0 = Release|Any CPU
		{BCB0F140-3C0B-4B57-A1B7-6176C0636DFA}.Debug|Any CPU.ActiveCfg = Debug|Any CPU
		{BCB0F140-3C0B-4B57-A1B7-6176C0636DFA}.Debug|Any CPU.Build.0 = Debug|Any CPU
		{BCB0F140-3C0B-4B57-A1B7-6176C0636DFA}.Release|Any CPU.ActiveCfg = Release|Any CPU
		{BCB0F140-3C0B-4B57-A1B7-6176C0636DFA}.Release|Any CPU.Build.0 = Release|Any CPU
		{4E7B71DB-B9E8-42D8-A9BF-9B9F5B7268E9}.Debug|Any CPU.ActiveCfg = Debug|Any CPU
		{4E7B71DB-B9E8-42D8-A9BF-9B9F5B7268E9}.Debug|Any CPU.Build.0 = Debug|Any CPU
		{4E7B71DB-B9E8-42D8-A9BF-9B9F5B7268E9}.Release|Any CPU.ActiveCfg = Release|Any CPU
		{4E7B71DB-B9E8-42D8-A9BF-9B9F5B7268E9}.Release|Any CPU.Build.0 = Release|Any CPU
		{6D85DD9C-524B-4A1C-A47D-AF76BF193172}.Debug|Any CPU.ActiveCfg = Debug|Any CPU
		{6D85DD9C-524B-4A1C-A47D-AF76BF193172}.Debug|Any CPU.Build.0 = Debug|Any CPU
		{6D85DD9C-524B-4A1C-A47D-AF76BF193172}.Release|Any CPU.ActiveCfg = Release|Any CPU
		{6D85DD9C-524B-4A1C-A47D-AF76BF193172}.Release|Any CPU.Build.0 = Release|Any CPU
		{D40DDB31-C61C-4960-A825-7830D61AE71F}.Debug|Any CPU.ActiveCfg = Debug|Any CPU
		{D40DDB31-C61C-4960-A825-7830D61AE71F}.Debug|Any CPU.Build.0 = Debug|Any CPU
		{D40DDB31-C61C-4960-A825-7830D61AE71F}.Release|Any CPU.ActiveCfg = Release|Any CPU
		{D40DDB31-C61C-4960-A825-7830D61AE71F}.Release|Any CPU.Build.0 = Release|Any CPU
		{822B45B9-1A13-4FEF-BAB3-7B08EBDE4963}.Debug|Any CPU.ActiveCfg = Debug|Any CPU
		{822B45B9-1A13-4FEF-BAB3-7B08EBDE4963}.Debug|Any CPU.Build.0 = Debug|Any CPU
		{822B45B9-1A13-4FEF-BAB3-7B08EBDE4963}.Release|Any CPU.ActiveCfg = Release|Any CPU
		{822B45B9-1A13-4FEF-BAB3-7B08EBDE4963}.Release|Any CPU.Build.0 = Release|Any CPU
		{0E527106-1D8C-4370-A729-87ACB92FC1B0}.Debug|Any CPU.ActiveCfg = Debug|Any CPU
		{0E527106-1D8C-4370-A729-87ACB92FC1B0}.Debug|Any CPU.Build.0 = Debug|Any CPU
		{0E527106-1D8C-4370-A729-87ACB92FC1B0}.Release|Any CPU.ActiveCfg = Release|Any CPU
		{0E527106-1D8C-4370-A729-87ACB92FC1B0}.Release|Any CPU.Build.0 = Release|Any CPU
		{C14D617E-A255-42E9-81A4-10FC34E4A554}.Debug|Any CPU.ActiveCfg = Debug|Any CPU
		{C14D617E-A255-42E9-81A4-10FC34E4A554}.Debug|Any CPU.Build.0 = Debug|Any CPU
		{C14D617E-A255-42E9-81A4-10FC34E4A554}.Release|Any CPU.ActiveCfg = Release|Any CPU
		{C14D617E-A255-42E9-81A4-10FC34E4A554}.Release|Any CPU.Build.0 = Release|Any CPU
		{C4D802AE-D3EA-4BFB-9B7B-52FD43C07BB9}.Debug|Any CPU.ActiveCfg = Debug|Any CPU
		{C4D802AE-D3EA-4BFB-9B7B-52FD43C07BB9}.Debug|Any CPU.Build.0 = Debug|Any CPU
		{C4D802AE-D3EA-4BFB-9B7B-52FD43C07BB9}.Release|Any CPU.ActiveCfg = Release|Any CPU
		{C4D802AE-D3EA-4BFB-9B7B-52FD43C07BB9}.Release|Any CPU.Build.0 = Release|Any CPU
		{5B2D7772-1C08-4FAD-A5E2-A8728F66C67D}.Debug|Any CPU.ActiveCfg = Debug|Any CPU
		{5B2D7772-1C08-4FAD-A5E2-A8728F66C67D}.Debug|Any CPU.Build.0 = Debug|Any CPU
		{5B2D7772-1C08-4FAD-A5E2-A8728F66C67D}.Release|Any CPU.ActiveCfg = Release|Any CPU
		{5B2D7772-1C08-4FAD-A5E2-A8728F66C67D}.Release|Any CPU.Build.0 = Release|Any CPU
		{10168002-214B-4D62-82FF-9C26F0CA8A92}.Debug|Any CPU.ActiveCfg = Debug|Any CPU
		{10168002-214B-4D62-82FF-9C26F0CA8A92}.Debug|Any CPU.Build.0 = Debug|Any CPU
		{10168002-214B-4D62-82FF-9C26F0CA8A92}.Release|Any CPU.ActiveCfg = Release|Any CPU
		{10168002-214B-4D62-82FF-9C26F0CA8A92}.Release|Any CPU.Build.0 = Release|Any CPU
		{7BA18DB9-16A1-4E9E-825A-78E7064C7591}.Debug|Any CPU.ActiveCfg = Debug|Any CPU
		{7BA18DB9-16A1-4E9E-825A-78E7064C7591}.Debug|Any CPU.Build.0 = Debug|Any CPU
		{7BA18DB9-16A1-4E9E-825A-78E7064C7591}.Release|Any CPU.ActiveCfg = Release|Any CPU
		{7BA18DB9-16A1-4E9E-825A-78E7064C7591}.Release|Any CPU.Build.0 = Release|Any CPU
		{9BD0F857-03E2-43BC-A37E-1C7B2505DCDF}.Debug|Any CPU.ActiveCfg = Debug|Any CPU
		{9BD0F857-03E2-43BC-A37E-1C7B2505DCDF}.Debug|Any CPU.Build.0 = Debug|Any CPU
		{9BD0F857-03E2-43BC-A37E-1C7B2505DCDF}.Release|Any CPU.ActiveCfg = Release|Any CPU
		{9BD0F857-03E2-43BC-A37E-1C7B2505DCDF}.Release|Any CPU.Build.0 = Release|Any CPU
		{E6276BF3-F990-4DD2-891A-613E7CF21390}.Debug|Any CPU.ActiveCfg = Debug|Any CPU
		{E6276BF3-F990-4DD2-891A-613E7CF21390}.Debug|Any CPU.Build.0 = Debug|Any CPU
		{E6276BF3-F990-4DD2-891A-613E7CF21390}.Release|Any CPU.ActiveCfg = Release|Any CPU
		{E6276BF3-F990-4DD2-891A-613E7CF21390}.Release|Any CPU.Build.0 = Release|Any CPU
		{A7A58317-5228-484C-B075-D3AB827CB381}.Debug|Any CPU.ActiveCfg = Debug|Any CPU
		{A7A58317-5228-484C-B075-D3AB827CB381}.Debug|Any CPU.Build.0 = Debug|Any CPU
		{A7A58317-5228-484C-B075-D3AB827CB381}.Release|Any CPU.ActiveCfg = Release|Any CPU
		{A7A58317-5228-484C-B075-D3AB827CB381}.Release|Any CPU.Build.0 = Release|Any CPU
		{DC17E9BE-DF72-4D08-A2D3-D8E6A685E683}.Debug|Any CPU.ActiveCfg = Debug|Any CPU
		{DC17E9BE-DF72-4D08-A2D3-D8E6A685E683}.Debug|Any CPU.Build.0 = Debug|Any CPU
		{DC17E9BE-DF72-4D08-A2D3-D8E6A685E683}.Release|Any CPU.ActiveCfg = Release|Any CPU
		{DC17E9BE-DF72-4D08-A2D3-D8E6A685E683}.Release|Any CPU.Build.0 = Release|Any CPU
	EndGlobalSection
	GlobalSection(SolutionProperties) = preSolution
		HideSolutionNode = FALSE
	EndGlobalSection
	GlobalSection(ExtensibilityGlobals) = postSolution
		SolutionGuid = {3C2A1B6F-4799-4EA6-B5F8-E11C257754A7}
	EndGlobalSection
EndGlobal
